{
  "nodes": {
    "bcachefs-tools": {
      "flake": false,
      "locked": {
        "lastModified": 1789154473,
        "narHash": "sha256-cBYn/g6eLT5rTumo4Y24rWSHS2Sc7gFthPuCg1AQ22k=",
        "owner": "koverstreet",
        "repo": "bcachefs-tools",
        "rev": "66d3b1b36ea11a33644f6ee7abb1f5ae1d679e18",
        "type": "github"
      },
      "original": {
        "owner": "koverstreet",
        "ref": "v1.39.6",
        "repo": "bcachefs-tools",
        "type": "github"
      }
    },
    "nixpkgs": {
      "locked": {
        "lastModified": 1790218706,
        "narHash": "sha256-6e4Na3z008XpdVyOXgfasXIn1aN+z8AXFG+jXdQSyuI=",
        "owner": "NixOS",
        "repo": "nixpkgs",
        "rev": "c508844df6c28fa6dabc1b6af70f3ccbd65c5201",
        "type": "github"
      },
      "original": {
        "owner": "NixOS",
        "ref": "nixos-26.05",
        "repo": "nixpkgs",
        "type": "github"
      }
    },
    "root": {
      "inputs": {
        "bcachefs-tools": "bcachefs-tools",
        "nixpkgs": "nixpkgs"
      }
    }
  },
  "root": "root",
  "version": 7
}
